
Microsoft Visual Studio Solution File, Format Version 12.00
# Visual Studio Version 17
VisualStudioVersion = 17.10.35027.167
MinimumVisualStudioVersion = 10.0.40219.1
Project("{9A19103F-16F7-4668-BE54-9A1E7A4F7556}") = "FinanceControl", "FinanceControl\FinanceControl.csproj", "{2C6131AE-D4DD-479C-9D1E-F4D5518CE3AA}"
EndProject
Project("{9A19103F-16F7-4668-BE54-9A1E7A4F7556}") = "Entities", "Entities\Entities.csproj", "{49387DAA-3172-4745-93A3-B9EA04D8FF39}"
EndProject
Project("{9A19103F-16F7-4668-BE54-9A1E7A4F7556}") = "Contracts", "Contracts\Contracts.csproj", "{9F013969-6869-4249-83AD-971EBA55CC46}"
EndProject
Project("{9A19103F-16F7-4668-BE54-9A1E7A4F7556}") = "LoggerService", "LoggerService\LoggerService.csproj", "{00293255-522C-400A-AF19-A3170A45730B}"
EndProject
Project("{9A19103F-16F7-4668-BE54-9A1E7A4F7556}") = "Repository", "Repository\Repository.csproj", "{0A47B9FD-8F08-4E16-B958-07E005CA8224}"
EndProject
Project("{FAE04EC0-301F-11D3-BF4B-00C04F79EFBC}") = "Service.Contracts", "Service.Contracts\Service.Contracts.csproj", "{96FE2816-E232-4B85-A846-EFA2E0DB619C}"
EndProject
Project("{FAE04EC0-301F-11D3-BF4B-00C04F79EFBC}") = "Service", "Service\Service.csproj", "{A2618F6A-7C83-44A8-B070-9517773267A4}"
EndProject
Global
	GlobalSection(SolutionConfigurationPlatforms) = preSolution
		Debug|Any CPU = Debug|Any CPU
		Release|Any CPU = Release|Any CPU
	EndGlobalSection
	GlobalSection(ProjectConfigurationPlatforms) = postSolution
		{2C6131AE-D4DD-479C-9D1E-F4D5518CE3AA}.Debug|Any CPU.ActiveCfg = Debug|Any CPU
		{2C6131AE-D4DD-479C-9D1E-F4D5518CE3AA}.Debug|Any CPU.Build.0 = Debug|Any CPU
		{2C6131AE-D4DD-479C-9D1E-F4D5518CE3AA}.Release|Any CPU.ActiveCfg = Release|Any CPU
		{2C6131AE-D4DD-479C-9D1E-F4D5518CE3AA}.Release|Any CPU.Build.0 = Release|Any CPU
		{49387DAA-3172-4745-93A3-B9EA04D8FF39}.Debug|Any CPU.ActiveCfg = Debug|Any CPU
		{49387DAA-3172-4745-93A3-B9EA04D8FF39}.Debug|Any CPU.Build.0 = Debug|Any CPU
		{49387DAA-3172-4745-93A3-B9EA04D8FF39}.Release|Any CPU.ActiveCfg = Release|Any CPU
		{49387DAA-3172-4745-93A3-B9EA04D8FF39}.Release|Any CPU.Build.0 = Release|Any CPU
		{9F013969-6869-4249-83AD-971EBA55CC46}.Debug|Any CPU.ActiveCfg = Debug|Any CPU
		{9F013969-6869-4249-83AD-971EBA55CC46}.Debug|Any CPU.Build.0 = Debug|Any CPU
		{9F013969-6869-4249-83AD-971EBA55CC46}.Release|Any CPU.ActiveCfg = Release|Any CPU
		{9F013969-6869-4249-83AD-971EBA55CC46}.Release|Any CPU.Build.0 = Release|Any CPU
		{00293255-522C-400A-AF19-A3170A45730B}.Debug|Any CPU.ActiveCfg = Debug|Any CPU
		{00293255-522C-400A-AF19-A3170A45730B}.Debug|Any CPU.Build.0 = Debug|Any CPU
		{00293255-522C-400A-AF19-A3170A45730B}.Release|Any CPU.ActiveCfg = Release|Any CPU
		{00293255-522C-400A-AF19-A3170A45730B}.Release|Any CPU.Build.0 = Release|Any CPU
		{0A47B9FD-8F08-4E16-B958-07E005CA8224}.Debug|Any CPU.ActiveCfg = Debug|Any CPU
		{0A47B9FD-8F08-4E16-B958-07E005CA8224}.Debug|Any CPU.Build.0 = Debug|Any CPU
		{0A47B9FD-8F08-4E16-B958-07E005CA8224}.Release|Any CPU.ActiveCfg = Release|Any CPU
		{0A47B9FD-8F08-4E16-B958-07E005CA8224}.Release|Any CPU.Build.0 = Release|Any CPU
		{96FE2816-E232-4B85-A846-EFA2E0DB619C}.Debug|Any CPU.ActiveCfg = Debug|Any CPU
		{96FE2816-E232-4B85-A846-EFA2E0DB619C}.Debug|Any CPU.Build.0 = Debug|Any CPU
		{96FE2816-E232-4B85-A846-EFA2E0DB619C}.Release|Any CPU.ActiveCfg = Release|Any CPU
		{96FE2816-E232-4B85-A846-EFA2E0DB619C}.Release|Any CPU.Build.0 = Release|Any CPU
		{A2618F6A-7C83-44A8-B070-9517773267A4}.Debug|Any CPU.ActiveCfg = Debug|Any CPU
		{A2618F6A-7C83-44A8-B070-9517773267A4}.Debug|Any CPU.Build.0 = Debug|Any CPU
		{A2618F6A-7C83-44A8-B070-9517773267A4}.Release|Any CPU.ActiveCfg = Release|Any CPU
		{A2618F6A-7C83-44A8-B070-9517773267A4}.Release|Any CPU.Build.0 = Release|Any CPU
	EndGlobalSection
	GlobalSection(SolutionProperties) = preSolution
		HideSolutionNode = FALSE
	EndGlobalSection
	GlobalSection(ExtensibilityGlobals) = postSolution
		SolutionGuid = {67932E43-D1C2-4E52-93FE-5A289BF8B69B}
	EndGlobalSection
EndGlobal
